{
    "_readme": [
        "This file locks the dependencies of your project to a known state",
        "Read more about it at https://getcomposer.org/doc/01-basic-usage.md#composer-lock-the-lock-file",
        "This file is @generated automatically"
    ],
    "content-hash": "9b593b6c92b55c06a2da15e1a74ddd12",
    "packages": [
        {
            "name": "amphp/amp",
            "version": "v2.0.1",
            "source": {
                "type": "git",
                "url": "https://github.com/amphp/amp.git",
                "reference": "916cf3119d96ba6d3b5a8c9d9bdd258960400141"
            },
            "dist": {
                "type": "zip",
                "url": "https://pkg.corp.anjuke.com/file/amphp/amp/916cf3119d96ba6d3b5a8c9d9bdd258960400141.zip",
                "reference": "916cf3119d96ba6d3b5a8c9d9bdd258960400141",
                "shasum": ""
            },
            "require": {
                "php": ">=7"
            },
            "require-dev": {
                "amphp/phpunit-util": "^1",
                "friendsofphp/php-cs-fixer": "^2.3",
                "phpunit/phpunit": "^6.0.9",
                "react/promise": "^2"
            },
            "type": "library",
            "extra": {
                "branch-alias": {
                    "dev-master": "2.0.x-dev"
                }
            },
            "autoload": {
                "psr-4": {
                    "Amp\\": "lib"
                },
                "files": [
                    "lib/functions.php",
                    "lib/Internal/functions.php"
                ]
            },
            "notification-url": "https://packagist.org/downloads/",
            "license": [
                "MIT"
            ],
            "authors": [
                {
                    "name": "Bob Weinand",
                    "email": "bobwei9@hotmail.com"
                },
                {
                    "name": "Niklas Keller",
                    "email": "me@kelunik.com"
                },
                {
                    "name": "Daniel Lowrey",
                    "email": "rdlowrey@php.net"
                },
                {
                    "name": "Aaron Piotrowski",
                    "email": "aaron@trowski.com"
                }
            ],
            "description": "A non-blocking concurrency framework for PHP applications.",
            "homepage": "http://amphp.org/amp",
            "keywords": [
                "async",
                "asynchronous",
                "awaitable",
                "concurrency",
                "event",
                "event-loop",
                "future",
                "non-blocking",
                "promise"
            ],
            "time": "2017-07-09T12:20:40+00:00"
        },
        {
            "name": "amphp/artax",
            "version": "v3.0.4",
            "source": {
                "type": "git",
                "url": "https://github.com/amphp/artax.git",
                "reference": "48008dcfd6e7376d5631a6c55bdf01ff94878537"
            },
            "dist": {
                "type": "zip",
                "url": "https://pkg.corp.anjuke.com/file/amphp/artax/48008dcfd6e7376d5631a6c55bdf01ff94878537.zip",
                "reference": "48008dcfd6e7376d5631a6c55bdf01ff94878537",
                "shasum": ""
            },
            "require": {
                "amphp/amp": "^2",
                "amphp/file": "^0.2",
                "amphp/socket": "^0.10",
                "amphp/uri": "^0.1",
                "kelunik/certificate": "^1.1",
                "php": ">=7.0"
            },
            "require-dev": {
                "amphp/phpunit-util": "^1",
                "friendsofphp/php-cs-fixer": "^2.3",
                "phpunit/phpunit": "^6"
            },
            "type": "library",
            "autoload": {
                "psr-4": {
                    "Amp\\Artax\\": "lib"
                }
            },
            "notification-url": "https://packagist.org/downloads/",
            "license": [
                "MIT"
            ],
            "authors": [
                {
                    "name": "Niklas Keller",
                    "email": "me@kelunik.com"
                },
                {
                    "name": "Daniel Lowrey",
                    "email": "rdlowrey@gmail.com"
                }
            ],
            "description": "Asynchronous parallel HTTP/1.1 client built on the Amp concurrency framework",
            "homepage": "https://github.com/amphp/artax",
            "keywords": [
                "async",
                "client",
                "http",
                "non-blocking",
                "parallel",
                "rest"
            ],
            "time": "2017-07-14T13:01:08+00:00"
        },
        {
            "name": "amphp/byte-stream",
            "version": "v1.1.2",
            "source": {
                "type": "git",
                "url": "https://github.com/amphp/byte-stream.git",
                "reference": "6b9074fbf28fc871581204f5106c819004ed3aa3"
            },
            "dist": {
                "type": "zip",
                "url": "https://pkg.corp.anjuke.com/file/amphp/byte-stream/6b9074fbf28fc871581204f5106c819004ed3aa3.zip",
                "reference": "6b9074fbf28fc871581204f5106c819004ed3aa3",
                "shasum": ""
            },
            "require": {
                "amphp/amp": "^2"
            },
            "require-dev": {
                "amphp/phpunit-util": "^1",
                "friendsofphp/php-cs-fixer": "^2.3",
                "phpunit/phpunit": "^6"
            },
            "type": "library",
            "autoload": {
                "psr-4": {
                    "Amp\\ByteStream\\": "lib"
                },
                "files": [
                    "lib/functions.php"
                ]
            },
            "notification-url": "https://packagist.org/downloads/",
            "license": [
                "MIT"
            ],
            "authors": [
                {
                    "name": "Niklas Keller",
                    "email": "me@kelunik.com"
                },
                {
                    "name": "Aaron Piotrowski",
                    "email": "aaron@trowski.com"
                }
            ],
            "description": "A stream abstraction to make working with non-blocking I/O simple.",
            "homepage": "http://amphp.org/byte-stream",
            "keywords": [
                "amp",
                "amphp",
                "async",
                "io",
                "non-blocking",
                "stream"
            ],
            "time": "2017-07-15T08:11:27+00:00"
        },
        {
            "name": "amphp/cache",
            "version": "v1.1.0",
            "source": {
                "type": "git",
                "url": "https://github.com/amphp/cache.git",
                "reference": "d6ab81ce35019b0fd84ca6d665fd4817bfd11701"
            },
            "dist": {
                "type": "zip",
                "url": "https://pkg.corp.anjuke.com/file/amphp/cache/d6ab81ce35019b0fd84ca6d665fd4817bfd11701.zip",
                "reference": "d6ab81ce35019b0fd84ca6d665fd4817bfd11701",
                "shasum": ""
            },
            "require": {
                "amphp/amp": "^2"
            },
            "require-dev": {
                "amphp/phpunit-util": "^1",
                "friendsofphp/php-cs-fixer": "^2.3",
                "phpunit/phpunit": "^6"
            },
            "type": "library",
            "autoload": {
                "psr-4": {
                    "Amp\\Cache\\": "lib"
                }
            },
            "notification-url": "https://packagist.org/downloads/",
            "license": [
                "MIT"
            ],
            "authors": [
                {
                    "name": "Niklas Keller",
                    "email": "me@kelunik.com"
                },
                {
                    "name": "Daniel Lowrey",
                    "email": "rdlowrey@php.net"
                }
            ],
            "description": "A promise-aware caching API for Amp.",
            "homepage": "https://github.com/amphp/cache",
            "time": "2017-06-24T09:51:10+00:00"
        },
        {
            "name": "amphp/dns",
            "version": "v0.9.7",
            "source": {
                "type": "git",
                "url": "https://github.com/amphp/dns.git",
                "reference": "4005ff4d32972121fde11a2323a7d52fd7fbc490"
            },
            "dist": {
                "type": "zip",
                "url": "https://pkg.corp.anjuke.com/file/amphp/dns/4005ff4d32972121fde11a2323a7d52fd7fbc490.zip",
                "reference": "4005ff4d32972121fde11a2323a7d52fd7fbc490",
                "shasum": ""
            },
            "require": {
                "amphp/amp": "^2",
                "amphp/byte-stream": "^1.1",
                "amphp/cache": "^1",
                "amphp/file": "^0.2",
                "amphp/parser": "^1",
                "amphp/uri": "^0.1",
                "amphp/windows-registry": "^0.3",
                "daverandom/libdns": "^1",
                "php": ">=7.0"
            },
            "require-dev": {
                "amphp/phpunit-util": "^1",
                "friendsofphp/php-cs-fixer": "^2.3",
                "phpunit/phpunit": "^6"
            },
            "type": "library",
            "autoload": {
                "psr-4": {
                    "Amp\\Dns\\": "lib"
                },
                "files": [
                    "lib/functions.php"
                ]
            },
            "notification-url": "https://packagist.org/downloads/",
            "license": [
                "MIT"
            ],
            "authors": [
                {
                    "name": "Bob Weinand",
                    "email": "bobwei9@hotmail.com"
                },
                {
                    "name": "Niklas Keller",
                    "email": "me@kelunik.com"
                },
                {
                    "name": "Daniel Lowrey",
                    "email": "rdlowrey@php.net"
                },
                {
                    "name": "Chris Wright",
                    "email": "addr@daverandom.com"
                },
                {
                    "name": "Aaron Piotrowski",
                    "email": "aaron@trowski.com"
                }
            ],
            "description": "Async DNS resolution for Amp.",
            "homepage": "https://github.com/amphp/dns",
            "keywords": [
                "amp",
                "amphp",
                "async",
                "client",
                "dns",
                "resolve"
            ],
            "time": "2017-08-09T16:53:33+00:00"
        },
        {
            "name": "amphp/file",
            "version": "v0.2.4",
            "source": {
                "type": "git",
                "url": "https://github.com/amphp/file.git",
                "reference": "577bcc1f92252a795f9871e183b0caef975c9635"
            },
            "dist": {
                "type": "zip",
                "url": "https://pkg.corp.anjuke.com/file/amphp/file/577bcc1f92252a795f9871e183b0caef975c9635.zip",
                "reference": "577bcc1f92252a795f9871e183b0caef975c9635",
                "shasum": ""
            },
            "require": {
                "amphp/amp": "^2",
                "amphp/byte-stream": "^1",
                "amphp/parallel": "^0.1.8"
            },
            "require-dev": {
                "amphp/phpunit-util": "^1",
                "friendsofphp/php-cs-fixer": "^2.3",
                "phpunit/phpunit": "^6"
            },
            "type": "library",
            "autoload": {
                "psr-4": {
                    "Amp\\File\\": "lib"
                },
                "files": [
                    "lib/functions.php"
                ]
            },
            "notification-url": "https://packagist.org/downloads/",
            "license": [
                "MIT"
            ],
            "authors": [
                {
                    "name": "Niklas Keller",
                    "email": "me@kelunik.com"
                },
                {
                    "name": "Daniel Lowrey",
                    "email": "rdlowrey@php.net"
                },
                {
                    "name": "Aaron Piotrowski",
                    "email": "aaron@trowski.com"
                }
            ],
            "description": "Allows non-blocking access to the filesystem for Amp.",
            "homepage": "https://github.com/amphp/file",
            "keywords": [
                "amp",
                "amphp",
                "async",
                "disk",
                "file",
                "filesystem",
                "io",
                "non-blocking",
                "static"
            ],
            "time": "2017-07-21T06:32:23+00:00"
        },
        {
            "name": "amphp/parallel",
            "version": "v0.1.8",
            "source": {
                "type": "git",
                "url": "https://github.com/amphp/parallel.git",
                "reference": "25b9a2a75c4a6ba4815775267822066abab1054a"
            },
            "dist": {
                "type": "zip",
                "url": "https://pkg.corp.anjuke.com/file/amphp/parallel/25b9a2a75c4a6ba4815775267822066abab1054a.zip",
                "reference": "25b9a2a75c4a6ba4815775267822066abab1054a",
                "shasum": ""
            },
            "require": {
                "amphp/amp": "^2",
                "amphp/byte-stream": "^1.1",
                "amphp/parser": "^1",
                "amphp/process": "^0.2"
            },
            "require-dev": {
                "amphp/phpunit-util": "^1",
                "friendsofphp/php-cs-fixer": "^2.3",
                "phpunit/phpunit": "^6"
            },
            "suggest": {
                "ext-pcntl": "Required for fork contexts",
                "ext-pthreads": "Required for thread contexts",
                "ext-sysvsem": "Required for fork synchronization",
                "ext-sysvshm": "Required for fork contexts"
            },
            "type": "library",
            "extra": {
                "branch-alias": {
                    "dev-master": "0.1.x-dev"
                }
            },
            "autoload": {
                "psr-4": {
                    "Amp\\Parallel\\": "lib"
                },
                "files": [
                    "lib/Worker/functions.php"
                ]
            },
            "notification-url": "https://packagist.org/downloads/",
            "license": [
                "MIT"
            ],
            "authors": [
                {
                    "name": "Stephen Coakley",
                    "email": "me@stephencoakley.com"
                },
                {
                    "name": "Aaron Piotrowski",
                    "email": "aaron@trowski.com"
                }
            ],
            "description": "Parallel processing component for Amp.",
            "homepage": "https://github.com/amphp/parallel",
            "keywords": [
                "async",
                "asynchronous",
                "concurrent",
                "multi-processing",
                "multi-threading"
            ],
            "time": "2017-07-18T03:59:56+00:00"
        },
        {
            "name": "amphp/parser",
            "version": "v1.0.0",
            "source": {
                "type": "git",
                "url": "https://github.com/amphp/parser.git",
                "reference": "f83e68f03d5b8e8e0365b8792985a7f341c57ae1"
            },
            "dist": {
                "type": "zip",
                "url": "https://pkg.corp.anjuke.com/file/amphp/parser/f83e68f03d5b8e8e0365b8792985a7f341c57ae1.zip",
                "reference": "f83e68f03d5b8e8e0365b8792985a7f341c57ae1",
                "shasum": ""
            },
            "require": {
                "php": ">=7"
            },
            "require-dev": {
                "friendsofphp/php-cs-fixer": "^2.3",
                "phpunit/phpunit": "^6"
            },
            "type": "library",
            "autoload": {
                "psr-4": {
                    "Amp\\Parser\\": "lib"
                }
            },
            "notification-url": "https://packagist.org/downloads/",
            "license": [
                "MIT"
            ],
            "authors": [
                {
                    "name": "Niklas Keller",
                    "email": "me@kelunik.com"
                },
                {
                    "name": "Aaron Piotrowski",
                    "email": "aaron@trowski.com"
                }
            ],
            "description": "A generator parser to make streaming parsers simple.",
            "homepage": "https://github.com/amphp/parser",
            "keywords": [
                "async",
                "non-blocking",
                "parser",
                "stream"
            ],
            "time": "2017-06-06T05:29:10+00:00"
        },
        {
            "name": "amphp/process",
            "version": "v0.2.1",
            "source": {
                "type": "git",
                "url": "https://github.com/amphp/process.git",
                "reference": "5aa6040fcf5c98bfb4f4a8e68305cb6cd6a3d37a"
            },
            "dist": {
                "type": "zip",
                "url": "https://pkg.corp.anjuke.com/file/amphp/process/5aa6040fcf5c98bfb4f4a8e68305cb6cd6a3d37a.zip",
                "reference": "5aa6040fcf5c98bfb4f4a8e68305cb6cd6a3d37a",
                "shasum": ""
            },
            "require": {
                "amphp/amp": "^2",
                "amphp/byte-stream": "^1"
            },
            "require-dev": {
                "amphp/phpunit-util": "^1",
                "friendsofphp/php-cs-fixer": "^2.3",
                "kelunik/fqn-check": "^0.1.3",
                "phpunit/phpunit": "^6"
            },
            "type": "library",
            "autoload": {
                "psr-4": {
                    "Amp\\Process\\": "lib"
                }
            },
            "notification-url": "https://packagist.org/downloads/",
            "license": [
                "MIT"
            ],
            "authors": [
                {
                    "name": "Bob Weinand",
                    "email": "bobwei9@hotmail.com"
                },
                {
                    "name": "Aaron Piotrowski",
                    "email": "aaron@trowski.com"
                }
            ],
            "description": "Asynchronous process manager",
            "homepage": "https://github.com/amphp/process",
            "time": "2017-07-18T03:37:19+00:00"
        },
        {
            "name": "amphp/redis",
            "version": "v0.3.1",
            "source": {
                "type": "git",
                "url": "https://github.com/amphp/redis.git",
                "reference": "7622774bb3cbe3e113fd3710f65bfd8a05e4cb7c"
            },
            "dist": {
                "type": "zip",
                "url": "https://pkg.corp.anjuke.com/file/amphp/redis/7622774bb3cbe3e113fd3710f65bfd8a05e4cb7c.zip",
                "reference": "7622774bb3cbe3e113fd3710f65bfd8a05e4cb7c",
                "shasum": ""
            },
            "require": {
                "amphp/amp": "^2",
                "amphp/cache": "^1",
                "amphp/socket": "^0.10",
                "php": ">=7.0"
            },
            "require-dev": {
                "amphp/phpunit-util": "^1",
                "friendsofphp/php-cs-fixer": "^2.3",
                "phpunit/phpunit": "^6"
            },
            "type": "library",
            "autoload": {
                "psr-4": {
                    "Amp\\Redis\\": "lib"
                }
            },
            "notification-url": "https://packagist.org/downloads/",
            "license": [
                "MIT"
            ],
            "authors": [
                {
                    "name": "Niklas Keller",
                    "email": "me@kelunik.com"
                }
            ],
            "description": "A non-blocking Redis client for Amp.",
            "homepage": "https://github.com/amphp/redis",
            "keywords": [
                "amp",
                "amphp",
                "async",
                "client",
                "redis"
            ],
            "time": "2017-09-09T08:51:49+00:00"
        },
        {
            "name": "amphp/socket",
            "version": "v0.10.2",
            "source": {
                "type": "git",
                "url": "https://github.com/amphp/socket.git",
                "reference": "e58766bf0caa59bfa6ba56be260438af109eaea1"
            },
            "dist": {
                "type": "zip",
                "url": "https://pkg.corp.anjuke.com/file/amphp/socket/e58766bf0caa59bfa6ba56be260438af109eaea1.zip",
                "reference": "e58766bf0caa59bfa6ba56be260438af109eaea1",
                "shasum": ""
            },
            "require": {
                "amphp/amp": "^2",
                "amphp/byte-stream": "^1.1",
                "amphp/dns": "^0.9",
                "amphp/uri": "^0.1",
                "php": ">=7.0"
            },
            "require-dev": {
                "amphp/phpunit-util": "^1",
                "friendsofphp/php-cs-fixer": "^2.3",
                "phpunit/phpunit": "^6"
            },
            "type": "library",
            "autoload": {
                "psr-4": {
                    "Amp\\Socket\\": "lib"
                },
                "files": [
                    "lib/functions.php",
                    "lib/Internal/functions.php"
                ]
            },
            "notification-url": "https://packagist.org/downloads/",
            "license": [
                "MIT"
            ],
            "authors": [
                {
                    "name": "Niklas Keller",
                    "email": "me@kelunik.com"
                },
                {
                    "name": "Daniel Lowrey",
                    "email": "rdlowrey@gmail.com"
                },
                {
                    "name": "Aaron Piotrowski",
                    "email": "aaron@trowski.com"
                }
            ],
            "description": "Async socket connection / server tools for Amp.",
            "homepage": "https://github.com/amphp/socket",
            "keywords": [
                "amp",
                "async",
                "encryption",
                "non-blocking",
                "sockets",
                "tcp",
                "tls"
            ],
            "time": "2017-07-03T10:48:49+00:00"
        },
        {
            "name": "amphp/uri",
            "version": "v0.1.2",
            "source": {
                "type": "git",
                "url": "https://github.com/amphp/uri.git",
                "reference": "2de94666447319d8695f2d11f3f005d5fee0876a"
            },
            "dist": {
                "type": "zip",
                "url": "https://pkg.corp.anjuke.com/file/amphp/uri/2de94666447319d8695f2d11f3f005d5fee0876a.zip",
                "reference": "2de94666447319d8695f2d11f3f005d5fee0876a",
                "shasum": ""
            },
            "require-dev": {
                "friendsofphp/php-cs-fixer": "^2.3",
                "phpunit/phpunit": "^6"
            },
            "type": "library",
            "autoload": {
                "psr-4": {
                    "Amp\\Uri\\": "src"
                },
                "files": [
                    "src/functions.php"
                ]
            },
            "notification-url": "https://packagist.org/downloads/",
            "license": [
                "MIT"
            ],
            "authors": [
                {
                    "name": "Niklas Keller",
                    "email": "me@kelunik.com"
                },
                {
                    "name": "Daniel Lowrey"
                }
            ],
            "description": "Uri Parser and Resolver.",
            "homepage": "https://github.com/amphp/uri",
            "time": "2017-09-10T09:39:50+00:00"
        },
        {
            "name": "amphp/windows-registry",
            "version": "v0.3.0",
            "source": {
                "type": "git",
                "url": "https://github.com/amphp/windows-registry.git",
                "reference": "9a5957ee3694c6d78440acd5a1c7adbd2d749de7"
            },
            "dist": {
                "type": "zip",
                "url": "https://pkg.corp.anjuke.com/file/amphp/windows-registry/9a5957ee3694c6d78440acd5a1c7adbd2d749de7.zip",
                "reference": "9a5957ee3694c6d78440acd5a1c7adbd2d749de7",
                "shasum": ""
            },
            "require": {
                "amphp/amp": "^2",
                "amphp/process": "^0.2"
            },
            "require-dev": {
                "friendsofphp/php-cs-fixer": "^2.3"
            },
            "type": "library",
            "autoload": {
                "psr-4": {
                    "Amp\\WindowsRegistry\\": "lib"
                }
            },
            "notification-url": "https://packagist.org/downloads/",
            "license": [
                "MIT"
            ],
            "authors": [
                {
                    "name": "Niklas Keller",
                    "email": "me@kelunik.com"
                }
            ],
            "description": "Windows Registry Reader.",
            "time": "2017-06-16T08:55:58+00:00"
        },
        {
            "name": "daverandom/libdns",
            "version": "v1.1.0",
            "source": {
                "type": "git",
                "url": "https://github.com/DaveRandom/LibDNS.git",
                "reference": "67de5497e84d179dffc089c5eb6a1945eb4e9460"
            },
            "dist": {
                "type": "zip",
                "url": "https://pkg.corp.anjuke.com/file/daverandom/libdns/67de5497e84d179dffc089c5eb6a1945eb4e9460.zip",
                "reference": "67de5497e84d179dffc089c5eb6a1945eb4e9460",
                "shasum": ""
            },
            "require": {
                "php": ">=5.4.0"
            },
            "type": "library",
            "autoload": {
                "psr-4": {
                    "LibDNS\\": "src/"
                }
            },
            "notification-url": "https://packagist.org/downloads/",
            "license": [
                "MIT"
            ],
            "description": "DNS protocol implementation written in pure PHP",
            "keywords": [
                "dns"
            ],
            "time": "2016-04-29T20:47:45+00:00"
        },
        {
            "name": "guzzlehttp/guzzle",
            "version": "6.3.0",
            "source": {
                "type": "git",
                "url": "https://github.com/guzzle/guzzle.git",
                "reference": "f4db5a78a5ea468d4831de7f0bf9d9415e348699"
            },
            "dist": {
                "type": "zip",
                "url": "https://pkg.corp.anjuke.com/file/guzzlehttp/guzzle/f4db5a78a5ea468d4831de7f0bf9d9415e348699.zip",
                "reference": "f4db5a78a5ea468d4831de7f0bf9d9415e348699",
                "shasum": ""
            },
            "require": {
                "guzzlehttp/promises": "^1.0",
                "guzzlehttp/psr7": "^1.4",
                "php": ">=5.5"
            },
            "require-dev": {
                "ext-curl": "*",
                "phpunit/phpunit": "^4.0 || ^5.0",
                "psr/log": "^1.0"
            },
            "suggest": {
                "psr/log": "Required for using the Log middleware"
            },
            "type": "library",
            "extra": {
                "branch-alias": {
                    "dev-master": "6.2-dev"
                }
            },
            "autoload": {
                "files": [
                    "src/functions_include.php"
                ],
                "psr-4": {
                    "GuzzleHttp\\": "src/"
                }
            },
            "notification-url": "https://packagist.org/downloads/",
            "license": [
                "MIT"
            ],
            "authors": [
                {
                    "name": "Michael Dowling",
                    "email": "mtdowling@gmail.com",
                    "homepage": "https://github.com/mtdowling"
                }
            ],
            "description": "Guzzle is a PHP HTTP client library",
            "homepage": "http://guzzlephp.org/",
            "keywords": [
                "client",
                "curl",
                "framework",
                "http",
                "http client",
                "rest",
                "web service"
            ],
            "time": "2017-06-22T18:50:49+00:00"
        },
        {
            "name": "guzzlehttp/promises",
            "version": "v1.3.1",
            "source": {
                "type": "git",
                "url": "https://github.com/guzzle/promises.git",
                "reference": "a59da6cf61d80060647ff4d3eb2c03a2bc694646"
            },
            "dist": {
                "type": "zip",
                "url": "https://pkg.corp.anjuke.com/file/guzzlehttp/promises/a59da6cf61d80060647ff4d3eb2c03a2bc694646.zip",
                "reference": "a59da6cf61d80060647ff4d3eb2c03a2bc694646",
                "shasum": ""
            },
            "require": {
                "php": ">=5.5.0"
            },
            "require-dev": {
                "phpunit/phpunit": "^4.0"
            },
            "type": "library",
            "extra": {
                "branch-alias": {
                    "dev-master": "1.4-dev"
                }
            },
            "autoload": {
                "psr-4": {
                    "GuzzleHttp\\Promise\\": "src/"
                },
                "files": [
                    "src/functions_include.php"
                ]
            },
            "notification-url": "https://packagist.org/downloads/",
            "license": [
                "MIT"
            ],
            "authors": [
                {
                    "name": "Michael Dowling",
                    "email": "mtdowling@gmail.com",
                    "homepage": "https://github.com/mtdowling"
                }
            ],
            "description": "Guzzle promises library",
            "keywords": [
                "promise"
            ],
            "time": "2016-12-20T10:07:11+00:00"
        },
        {
            "name": "guzzlehttp/psr7",
            "version": "1.4.2",
            "source": {
                "type": "git",
                "url": "https://github.com/guzzle/psr7.git",
                "reference": "f5b8a8512e2b58b0071a7280e39f14f72e05d87c"
            },
            "dist": {
                "type": "zip",
                "url": "https://pkg.corp.anjuke.com/file/guzzlehttp/psr7/f5b8a8512e2b58b0071a7280e39f14f72e05d87c.zip",
                "reference": "f5b8a8512e2b58b0071a7280e39f14f72e05d87c",
                "shasum": ""
            },
            "require": {
                "php": ">=5.4.0",
                "psr/http-message": "~1.0"
            },
            "provide": {
                "psr/http-message-implementation": "1.0"
            },
            "require-dev": {
                "phpunit/phpunit": "~4.0"
            },
            "type": "library",
            "extra": {
                "branch-alias": {
                    "dev-master": "1.4-dev"
                }
            },
            "autoload": {
                "psr-4": {
                    "GuzzleHttp\\Psr7\\": "src/"
                },
                "files": [
                    "src/functions_include.php"
                ]
            },
            "notification-url": "https://packagist.org/downloads/",
            "license": [
                "MIT"
            ],
            "authors": [
                {
                    "name": "Michael Dowling",
                    "email": "mtdowling@gmail.com",
                    "homepage": "https://github.com/mtdowling"
                },
                {
                    "name": "Tobias Schultze",
                    "homepage": "https://github.com/Tobion"
                }
            ],
            "description": "PSR-7 message implementation that also provides common utility methods",
            "keywords": [
                "http",
                "message",
                "request",
                "response",
                "stream",
                "uri",
                "url"
            ],
            "time": "2017-03-20T17:10:46+00:00"
        },
        {
            "name": "kelunik/certificate",
            "version": "v1.1.1",
            "source": {
                "type": "git",
                "url": "https://github.com/kelunik/certificate.git",
                "reference": "524fa432ed1b5f50efbe7749f3c19e28a9866bc7"
            },
            "dist": {
                "type": "zip",
                "url": "https://pkg.corp.anjuke.com/file/kelunik/certificate/524fa432ed1b5f50efbe7749f3c19e28a9866bc7.zip",
                "reference": "524fa432ed1b5f50efbe7749f3c19e28a9866bc7",
                "shasum": ""
            },
            "require": {
                "ext-openssl": "*",
                "php": "^5.4 | ^7.0"
            },
            "require-dev": {
                "fabpot/php-cs-fixer": "^1.9",
                "phpunit/phpunit": "^4.8"
            },
            "type": "library",
            "autoload": {
                "psr-4": {
                    "Kelunik\\Certificate\\": "lib"
                }
            },
            "notification-url": "https://packagist.org/downloads/",
            "license": [
                "MIT"
            ],
            "authors": [
                {
                    "name": "Niklas Keller",
                    "email": "me@kelunik.com"
                }
            ],
            "description": "Access certificate details and transform between different formats.",
            "keywords": [
                "DER",
                "certificate",
                "certificates",
                "openssl",
                "pem",
                "x509"
            ],
            "time": "2017-07-04T19:37:30+00:00"
        },
        {
            "name": "monolog/monolog",
            "version": "1.23.0",
            "source": {
                "type": "git",
                "url": "https://github.com/Seldaek/monolog.git",
                "reference": "fd8c787753b3a2ad11bc60c063cff1358a32a3b4"
            },
            "dist": {
                "type": "zip",
                "url": "https://pkg.corp.anjuke.com/file/monolog/monolog/fd8c787753b3a2ad11bc60c063cff1358a32a3b4.zip",
                "reference": "fd8c787753b3a2ad11bc60c063cff1358a32a3b4",
                "shasum": ""
            },
            "require": {
                "php": ">=5.3.0",
                "psr/log": "~1.0"
            },
            "provide": {
                "psr/log-implementation": "1.0.0"
            },
            "require-dev": {
                "aws/aws-sdk-php": "^2.4.9 || ^3.0",
                "doctrine/couchdb": "~1.0@dev",
                "graylog2/gelf-php": "~1.0",
                "jakub-onderka/php-parallel-lint": "0.9",
                "php-amqplib/php-amqplib": "~2.4",
                "php-console/php-console": "^3.1.3",
                "phpunit/phpunit": "~4.5",
                "phpunit/phpunit-mock-objects": "2.3.0",
                "ruflin/elastica": ">=0.90 <3.0",
                "sentry/sentry": "^0.13",
                "swiftmailer/swiftmailer": "^5.3|^6.0"
            },
            "suggest": {
                "aws/aws-sdk-php": "Allow sending log messages to AWS services like DynamoDB",
                "doctrine/couchdb": "Allow sending log messages to a CouchDB server",
                "ext-amqp": "Allow sending log messages to an AMQP server (1.0+ required)",
                "ext-mongo": "Allow sending log messages to a MongoDB server",
                "graylog2/gelf-php": "Allow sending log messages to a GrayLog2 server",
                "mongodb/mongodb": "Allow sending log messages to a MongoDB server via PHP Driver",
                "php-amqplib/php-amqplib": "Allow sending log messages to an AMQP server using php-amqplib",
                "php-console/php-console": "Allow sending log messages to Google Chrome",
                "rollbar/rollbar": "Allow sending log messages to Rollbar",
                "ruflin/elastica": "Allow sending log messages to an Elastic Search server",
                "sentry/sentry": "Allow sending log messages to a Sentry server"
            },
            "type": "library",
            "extra": {
                "branch-alias": {
                    "dev-master": "2.0.x-dev"
                }
            },
            "autoload": {
                "psr-4": {
                    "Monolog\\": "src/Monolog"
                }
            },
            "notification-url": "https://packagist.org/downloads/",
            "license": [
                "MIT"
            ],
            "authors": [
                {
                    "name": "Jordi Boggiano",
                    "email": "j.boggiano@seld.be",
                    "homepage": "http://seld.be"
                }
            ],
            "description": "Sends your logs to files, sockets, inboxes, databases and various web services",
            "homepage": "http://github.com/Seldaek/monolog",
            "keywords": [
                "log",
                "logging",
                "psr-3"
            ],
            "time": "2017-06-19T01:22:40+00:00"
        },
        {
            "name": "predis/predis",
            "version": "v1.1.1",
            "source": {
                "type": "git",
                "url": "https://github.com/nrk/predis.git",
                "reference": "f0210e38881631afeafb56ab43405a92cafd9fd1"
            },
            "dist": {
                "type": "zip",
                "url": "https://pkg.corp.anjuke.com/file/predis/predis/f0210e38881631afeafb56ab43405a92cafd9fd1.zip",
                "reference": "f0210e38881631afeafb56ab43405a92cafd9fd1",
                "shasum": ""
            },
            "require": {
                "php": ">=5.3.9"
            },
            "require-dev": {
                "phpunit/phpunit": "~4.8"
            },
            "suggest": {
                "ext-curl": "Allows access to Webdis when paired with phpiredis",
                "ext-phpiredis": "Allows faster serialization and deserialization of the Redis protocol"
            },
            "type": "library",
            "autoload": {
                "psr-4": {
                    "Predis\\": "src/"
                }
            },
            "notification-url": "https://packagist.org/downloads/",
            "license": [
                "MIT"
            ],
            "authors": [
                {
                    "name": "Daniele Alessandri",
                    "email": "suppakilla@gmail.com",
                    "homepage": "http://clorophilla.net"
                }
            ],
            "description": "Flexible and feature-complete Redis client for PHP and HHVM",
            "homepage": "http://github.com/nrk/predis",
            "keywords": [
                "nosql",
                "predis",
                "redis"
            ],
            "time": "2016-06-16T16:22:20+00:00"
        },
        {
            "name": "psr/http-message",
            "version": "1.0.1",
            "source": {
                "type": "git",
                "url": "https://github.com/php-fig/http-message.git",
                "reference": "f6561bf28d520154e4b0ec72be95418abe6d9363"
            },
            "dist": {
                "type": "zip",
                "url": "https://pkg.corp.anjuke.com/file/psr/http-message/f6561bf28d520154e4b0ec72be95418abe6d9363.zip",
                "reference": "f6561bf28d520154e4b0ec72be95418abe6d9363",
                "shasum": ""
            },
            "require": {
                "php": ">=5.3.0"
            },
            "type": "library",
            "extra": {
                "branch-alias": {
                    "dev-master": "1.0.x-dev"
                }
            },
            "autoload": {
                "psr-4": {
                    "Psr\\Http\\Message\\": "src/"
                }
            },
            "notification-url": "https://packagist.org/downloads/",
            "license": [
                "MIT"
            ],
            "authors": [
                {
                    "name": "PHP-FIG",
                    "homepage": "http://www.php-fig.org/"
                }
            ],
            "description": "Common interface for HTTP messages",
            "homepage": "https://github.com/php-fig/http-message",
            "keywords": [
                "http",
                "http-message",
                "psr",
                "psr-7",
                "request",
                "response"
            ],
            "time": "2016-08-06T14:39:51+00:00"
        },
        {
            "name": "psr/log",
            "version": "1.0.2",
            "source": {
                "type": "git",
                "url": "https://github.com/php-fig/log.git",
                "reference": "4ebe3a8bf773a19edfe0a84b6585ba3d401b724d"
            },
            "dist": {
                "type": "zip",
                "url": "https://pkg.corp.anjuke.com/file/psr/log/4ebe3a8bf773a19edfe0a84b6585ba3d401b724d.zip",
                "reference": "4ebe3a8bf773a19edfe0a84b6585ba3d401b724d",
                "shasum": ""
            },
            "require": {
                "php": ">=5.3.0"
            },
            "type": "library",
            "extra": {
                "branch-alias": {
                    "dev-master": "1.0.x-dev"
                }
            },
            "autoload": {
                "psr-4": {
                    "Psr\\Log\\": "Psr/Log/"
                }
            },
            "notification-url": "https://packagist.org/downloads/",
            "license": [
                "MIT"
            ],
            "authors": [
                {
                    "name": "PHP-FIG",
                    "homepage": "http://www.php-fig.org/"
                }
            ],
            "description": "Common interface for logging libraries",
            "homepage": "https://github.com/php-fig/log",
            "keywords": [
                "log",
                "psr",
                "psr-3"
            ],
            "time": "2016-10-10T12:19:37+00:00"
        },
        {
            "name": "symfony/yaml",
            "version": "v3.3.8",
            "source": {
                "type": "git",
                "url": "https://github.com/symfony/yaml.git",
                "reference": "1d8c2a99c80862bdc3af94c1781bf70f86bccac0"
            },
            "dist": {
                "type": "zip",
                "url": "https://pkg.corp.anjuke.com/file/symfony/yaml/1d8c2a99c80862bdc3af94c1781bf70f86bccac0.zip",
                "reference": "1d8c2a99c80862bdc3af94c1781bf70f86bccac0",
                "shasum": ""
            },
            "require": {
                "php": "^5.5.9|>=7.0.8"
            },
            "require-dev": {
                "symfony/console": "~2.8|~3.0"
            },
            "suggest": {
                "symfony/console": "For validating YAML files using the lint command"
            },
            "type": "library",
            "extra": {
                "branch-alias": {
                    "dev-master": "3.3-dev"
                }
            },
            "autoload": {
                "psr-4": {
                    "Symfony\\Component\\Yaml\\": ""
                },
                "exclude-from-classmap": [
                    "/Tests/"
                ]
            },
            "notification-url": "https://packagist.org/downloads/",
            "license": [
                "MIT"
            ],
            "authors": [
                {
                    "name": "Fabien Potencier",
                    "email": "fabien@symfony.com"
                },
                {
                    "name": "Symfony Community",
                    "homepage": "https://symfony.com/contributors"
                }
            ],
            "description": "Symfony Yaml Component",
            "homepage": "https://symfony.com",
            "time": "2017-07-29T21:54:42+00:00"
        }
    ],
    "packages-dev": [],
    "aliases": [],
    "minimum-stability": "stable",
    "stability-flags": [],
    "prefer-stable": false,
    "prefer-lowest": false,
    "platform": [],
    "platform-dev": []
}
